{
  "name": "balek-modules",
  "lockfileVersion": 2,
  "requires": true,
  "packages": {
    "": {
      "license": "BSD-3-Clause",
      "dependencies": {
        "codemirror": "^5.59.2",
        "xterm": "^4.10.0",
        "xterm-addon-fit": "^0.4.0"
      }
    },
    "node_modules/codemirror": {
      "version": "5.59.2",
      "resolved": "https://registry.npmjs.org/codemirror/-/codemirror-5.59.2.tgz",
      "integrity": "sha512-/D5PcsKyzthtSy2NNKCyJi3b+htRkoKv3idswR/tR6UAvMNKA7SrmyZy6fOONJxSRs1JlUWEDAbxqfdArbK8iA=="
    },
    "node_modules/xterm": {
      "version": "4.10.0",
      "resolved": "https://registry.npmjs.org/xterm/-/xterm-4.10.0.tgz",
      "integrity": "sha512-Wn66I8YpSVkgP3R95GjABC6Eb21pFfnCSnyIqKIIoUI13ohvwd0KGVzUDfyEFfSAzKbPJfrT2+vt7SfUXBZQKQ=="
    },
    "node_modules/xterm-addon-fit": {
      "version": "0.4.0",
      "resolved": "https://registry.npmjs.org/xterm-addon-fit/-/xterm-addon-fit-0.4.0.tgz",
      "integrity": "sha512-p4BESuV/g2L6pZzFHpeNLLnep9mp/DkF3qrPglMiucSFtD8iJxtMufEoEJbN8LZwB4i+8PFpFvVuFrGOSpW05w==",
      "peerDependencies": {
        "xterm": "^4.0.0"
      }
    }
  },
  "dependencies": {
    "codemirror": {
      "version": "5.59.2",
      "resolved": "https://registry.npmjs.org/codemirror/-/codemirror-5.59.2.tgz",
      "integrity": "sha512-/D5PcsKyzthtSy2NNKCyJi3b+htRkoKv3idswR/tR6UAvMNKA7SrmyZy6fOONJxSRs1JlUWEDAbxqfdArbK8iA=="
    },
    "xterm": {
      "version": "4.10.0",
      "resolved": "https://registry.npmjs.org/xterm/-/xterm-4.10.0.tgz",
      "integrity": "sha512-Wn66I8YpSVkgP3R95GjABC6Eb21pFfnCSnyIqKIIoUI13ohvwd0KGVzUDfyEFfSAzKbPJfrT2+vt7SfUXBZQKQ=="
    },
    "xterm-addon-fit": {
      "version": "0.4.0",
      "resolved": "https://registry.npmjs.org/xterm-addon-fit/-/xterm-addon-fit-0.4.0.tgz",
      "integrity": "sha512-p4BESuV/g2L6pZzFHpeNLLnep9mp/DkF3qrPglMiucSFtD8iJxtMufEoEJbN8LZwB4i+8PFpFvVuFrGOSpW05w==",
      "requires": {}
    }
  }
}
